<?xml version="1.0" encoding="utf-8"?>
<Project ToolsVersion="4.0" xmlns="http://schemas.microsoft.com/developer/msbuild/2003">
  <ItemGroup>
    <Filter Include="math">
      <UniqueIdentifier>{32a89a11-5a98-469d-b7b5-3fcb34ed31d1}</UniqueIdentifier>
    </Filter>
    <Filter Include="platform">
      <UniqueIdentifier>{98aa76ef-38b5-4cd9-b738-4a69f1632c79}</UniqueIdentifier>
    </Filter>
    <Filter Include="platform\windows">
      <UniqueIdentifier>{d8d94749-b96a-47d1-a12f-3addff2847bd}</UniqueIdentifier>
    </Filter>
    <Filter Include="event">
      <UniqueIdentifier>{fc961d5b-a13c-4e5e-8d71-d717de89ff04}</UniqueIdentifier>
    </Filter>
    <Filter Include="base">
      <UniqueIdentifier>{72e1837b-e263-4536-b2ec-cdef4bf0a811}</UniqueIdentifier>
    </Filter>
    <Filter Include="renderer">
      <UniqueIdentifier>{b9216ecb-14b9-44ae-808f-76ed553619fb}</UniqueIdentifier>
    </Filter>
  </ItemGroup>
  <ItemGroup>
    <ClInclude Include="math\Matrix.h">
      <Filter>math</Filter>
    </ClInclude>
    <ClInclude Include="math\Color.h">
      <Filter>math</Filter>
    </ClInclude>
    <ClInclude Include="math\Vector2.h">
      <Filter>math</Filter>
    </ClInclude>
    <ClInclude Include="math\Vector4.h">
      <Filter>math</Filter>
    </ClInclude>
    <ClInclude Include="platform\IGLView.h">
      <Filter>platform</Filter>
    </ClInclude>
    <ClInclude Include="platform\windows\GLViewImpl_win.h">
      <Filter>platform\windows</Filter>
    </ClInclude>
    <ClInclude Include="math\Rect.h">
      <Filter>math</Filter>
    </ClInclude>
    <ClInclude Include="event\Event.h">
      <Filter>event</Filter>
    </ClInclude>
    <ClInclude Include="event\EventMouse.h">
      <Filter>event</Filter>
    </ClInclude>
    <ClInclude Include="event\XEEvent.h">
      <Filter>event</Filter>
    </ClInclude>
    <ClInclude Include="event\EventKeyboard.h">
      <Filter>event</Filter>
    </ClInclude>
    <ClInclude Include="base\Director.h">
      <Filter>base</Filter>
    </ClInclude>
    <ClInclude Include="platform\Application.h">
      <Filter>platform</Filter>
    </ClInclude>
    <ClInclude Include="platform\IApplication.h">
      <Filter>platform</Filter>
    </ClInclude>
    <ClInclude Include="platform\windows\Appliction_win.h">
      <Filter>platform\windows</Filter>
    </ClInclude>
    <ClInclude Include="base\Node.h">
      <Filter>base</Filter>
    </ClInclude>
    <ClInclude Include="math\FQuat.h">
      <Filter>math</Filter>
    </ClInclude>
    <ClInclude Include="math\Vector3.h">
      <Filter>math</Filter>
    </ClInclude>
    <ClInclude Include="math\FRotator.h">
      <Filter>math</Filter>
    </ClInclude>
    <ClInclude Include="math\XEMath.h">
      <Filter>math</Filter>
    </ClInclude>
    <ClInclude Include="math\XEMathUtility.h">
      <Filter>math</Filter>
    </ClInclude>
    <ClInclude Include="renderer\Renderer.h">
      <Filter>renderer</Filter>
    </ClInclude>
    <ClInclude Include="renderer\FrameBuffer.h">
      <Filter>renderer</Filter>
    </ClInclude>
    <ClInclude Include="renderer\GLProgram.h">
      <Filter>renderer</Filter>
    </ClInclude>
    <ClInclude Include="base\Sprite.h">
      <Filter>base</Filter>
    </ClInclude>
    <ClInclude Include="base\NodeDraw.h">
      <Filter>base</Filter>
    </ClInclude>
    <ClInclude Include="renderer\CommandPrimitive.h">
      <Filter>renderer</Filter>
    </ClInclude>
    <ClInclude Include="renderer\CommandTriangle.h">
      <Filter>renderer</Filter>
    </ClInclude>
    <ClInclude Include="renderer\CommandMesh.h">
      <Filter>renderer</Filter>
    </ClInclude>
    <ClInclude Include="renderer\IRenderCommand.h">
      <Filter>renderer</Filter>
    </ClInclude>
    <ClInclude Include="renderer\Texture2D.h">
      <Filter>renderer</Filter>
    </ClInclude>
    <ClInclude Include="renderer\TexturePool.h">
      <Filter>renderer</Filter>
    </ClInclude>
    <ClInclude Include="xeTypes.h" />
  </ItemGroup>
  <ItemGroup>
    <ClCompile Include="platform\windows\GLViewImpl_win.cpp">
      <Filter>platform\windows</Filter>
    </ClCompile>
    <ClCompile Include="base\Director.cpp">
      <Filter>base</Filter>
    </ClCompile>
    <ClCompile Include="platform\windows\Appliction_win.cpp">
      <Filter>platform\windows</Filter>
    </ClCompile>
    <ClCompile Include="platform\PlatformStatic.cpp">
      <Filter>platform</Filter>
    </ClCompile>
    <ClCompile Include="base\Node.cpp">
      <Filter>base</Filter>
    </ClCompile>
    <ClCompile Include="base\inlineNode.cpp">
      <Filter>base</Filter>
    </ClCompile>
    <ClCompile Include="math\XEMath.cpp">
      <Filter>math</Filter>
    </ClCompile>
    <ClCompile Include="renderer\Renderer.cpp">
      <Filter>renderer</Filter>
    </ClCompile>
    <ClCompile Include="renderer\FrameBuffer.cpp">
      <Filter>renderer</Filter>
    </ClCompile>
    <ClCompile Include="renderer\GLProgram.cpp">
      <Filter>renderer</Filter>
    </ClCompile>
    <ClCompile Include="base\Sprite.cpp">
      <Filter>base</Filter>
    </ClCompile>
    <ClCompile Include="base\NodeDraw.cpp">
      <Filter>base</Filter>
    </ClCompile>
    <ClCompile Include="renderer\CommandPrimitive.cpp">
      <Filter>renderer</Filter>
    </ClCompile>
    <ClCompile Include="renderer\CommandTriangle.cpp">
      <Filter>renderer</Filter>
    </ClCompile>
    <ClCompile Include="renderer\CommandMesh.cpp">
      <Filter>renderer</Filter>
    </ClCompile>
    <ClCompile Include="renderer\IRenderCommand.cpp">
      <Filter>renderer</Filter>
    </ClCompile>
    <ClCompile Include="renderer\Texture2D.cpp">
      <Filter>renderer</Filter>
    </ClCompile>
    <ClCompile Include="renderer\TexturePool.cpp">
      <Filter>renderer</Filter>
    </ClCompile>
    <ClCompile Include="xeTypes.cpp" />
  </ItemGroup>
</Project>